
Microsoft Visual Studio Solution File, Format Version 12.00
# Visual Studio Version 17
VisualStudioVersion = 17.9.34723.18
MinimumVisualStudioVersion = 10.0.40219.1
Project("{FAE04EC0-301F-11D3-BF4B-00C04F79EFBC}") = "AIJobAssistant.Web", "AIJobAssistant.Web\AIJobAssistant.Web.csproj", "{ADF15F7C-7CCE-46CC-9AC0-5AB0FF856AA1}"
EndProject
Project("{FAE04EC0-301F-11D3-BF4B-00C04F79EFBC}") = "AIJobAssistant.ML", "AIJobAssistant.ML\AIJobAssistant.ML.csproj", "{09C62694-09EB-46E2-A176-775F429F13C1}"
EndProject
Project("{FAE04EC0-301F-11D3-BF4B-00C04F79EFBC}") = "AIJobAssistant.Core", "AIJobAssistant.Core\AIJobAssistant.Core.csproj", "{3A8A3E33-C0BC-41BB-A756-D47E9C1FA10D}"
EndProject
Project("{FAE04EC0-301F-11D3-BF4B-00C04F79EFBC}") = "AIJobAssistant.Data", "AIJobAssistant.Data\AIJobAssistant.Data.csproj", "{D8DC5C16-3C47-4F44-8000-50E486F73B90}"
EndProject
Global
	GlobalSection(SolutionConfigurationPlatforms) = preSolution
		Debug|Any CPU = Debug|Any CPU
		Release|Any CPU = Release|Any CPU
	EndGlobalSection
	GlobalSection(ProjectConfigurationPlatforms) = postSolution
		{ADF15F7C-7CCE-46CC-9AC0-5AB0FF856AA1}.Debug|Any CPU.ActiveCfg = Debug|Any CPU
		{ADF15F7C-7CCE-46CC-9AC0-5AB0FF856AA1}.Debug|Any CPU.Build.0 = Debug|Any CPU
		{ADF15F7C-7CCE-46CC-9AC0-5AB0FF856AA1}.Release|Any CPU.ActiveCfg = Release|Any CPU
		{ADF15F7C-7CCE-46CC-9AC0-5AB0FF856AA1}.Release|Any CPU.Build.0 = Release|Any CPU
		{09C62694-09EB-46E2-A176-775F429F13C1}.Debug|Any CPU.ActiveCfg = Debug|Any CPU
		{09C62694-09EB-46E2-A176-775F429F13C1}.Debug|Any CPU.Build.0 = Debug|Any CPU
		{09C62694-09EB-46E2-A176-775F429F13C1}.Release|Any CPU.ActiveCfg = Release|Any CPU
		{09C62694-09EB-46E2-A176-775F429F13C1}.Release|Any CPU.Build.0 = Release|Any CPU
		{3A8A3E33-C0BC-41BB-A756-D47E9C1FA10D}.Debug|Any CPU.ActiveCfg = Debug|Any CPU
		{3A8A3E33-C0BC-41BB-A756-D47E9C1FA10D}.Debug|Any CPU.Build.0 = Debug|Any CPU
		{3A8A3E33-C0BC-41BB-A756-D47E9C1FA10D}.Release|Any CPU.ActiveCfg = Release|Any CPU
		{3A8A3E33-C0BC-41BB-A756-D47E9C1FA10D}.Release|Any CPU.Build.0 = Release|Any CPU
		{D8DC5C16-3C47-4F44-8000-50E486F73B90}.Debug|Any CPU.ActiveCfg = Debug|Any CPU
		{D8DC5C16-3C47-4F44-8000-50E486F73B90}.Debug|Any CPU.Build.0 = Debug|Any CPU
		{D8DC5C16-3C47-4F44-8000-50E486F73B90}.Release|Any CPU.ActiveCfg = Release|Any CPU
		{D8DC5C16-3C47-4F44-8000-50E486F73B90}.Release|Any CPU.Build.0 = Release|Any CPU
	EndGlobalSection
	GlobalSection(SolutionProperties) = preSolution
		HideSolutionNode = FALSE
	EndGlobalSection
	GlobalSection(ExtensibilityGlobals) = postSolution
		SolutionGuid = {EFBC4AFB-A451-4827-91BA-09DC47D165F0}
	EndGlobalSection
EndGlobal
